// !$*UTF8*$!
{
	archiveVersion = 1;
	classes = {
	};
	objectVersion = 50;
	objects = {

/* Begin PBXBuildFile section */
		11F3DFCC269D8AB4003406BE /* AppDelegate.swift in Sources */ = {isa = PBXBuildFile; fileRef = 11F3DFCB269D8AB4003406BE /* AppDelegate.swift */; };
		11F3DFCE269D8AB4003406BE /* SceneDelegate.swift in Sources */ = {isa = PBXBuildFile; fileRef = 11F3DFCD269D8AB4003406BE /* SceneDelegate.swift */; };
		11F3DFD0269D8AB4003406BE /* ViewController.swift in Sources */ = {isa = PBXBuildFile; fileRef = 11F3DFCF269D8AB4003406BE /* ViewController.swift */; };
		11F3DFD3269D8AB4003406BE /* Main.storyboard in Resources */ = {isa = PBXBuildFile; fileRef = 11F3DFD1269D8AB4003406BE /* Main.storyboard */; };
		11F3DFD5269D8AB5003406BE /* Assets.xcassets in Resources */ = {isa = PBXBuildFile; fileRef = 11F3DFD4269D8AB5003406BE /* Assets.xcassets */; };
		11F3DFD8269D8AB5003406BE /* LaunchScreen.storyboard in Resources */ = {isa = PBXBuildFile; fileRef = 11F3DFD6269D8AB5003406BE /* LaunchScreen.storyboard */; };
		11F3DFE0269D8E8A003406BE /* TabBarController.swift in Sources */ = {isa = PBXBuildFile; fileRef = 11F3DFDF269D8E8A003406BE /* TabBarController.swift */; };
		11F3DFE2269D8ED4003406BE /* BaseNavigationController.swift in Sources */ = {isa = PBXBuildFile; fileRef = 11F3DFE1269D8ED4003406BE /* BaseNavigationController.swift */; };
		11F3DFE4269D9668003406BE /* SecondViewController.swift in Sources */ = {isa = PBXBuildFile; fileRef = 11F3DFE3269D9668003406BE /* SecondViewController.swift */; };
/* End PBXBuildFile section */

/* Begin PBXFileReference section */
		11F3DFC8269D8AB4003406BE /* LandscapeSwift.app */ = {isa = PBXFileReference; explicitFileType = wrapper.application; includeInIndex = 0; path = LandscapeSwift.app; sourceTree = BUILT_PRODUCTS_DIR; };
		11F3DFCB269D8AB4003406BE /* AppDelegate.swift */ = {isa = PBXFileReference; lastKnownFileType = sourcecode.swift; path = AppDelegate.swift; sourceTree = "<group>"; };
		11F3DFCD269D8AB4003406BE /* SceneDelegate.swift */ = {isa = PBXFileReference; lastKnownFileType = sourcecode.swift; path = SceneDelegate.swift; sourceTree = "<group>"; };
		11F3DFCF269D8AB4003406BE /* ViewController.swift */ = {isa = PBXFileReference; lastKnownFileType = sourcecode.swift; path = ViewController.swift; sourceTree = "<group>"; };
		11F3DFD2269D8AB4003406BE /* Base */ = {isa = PBXFileReference; lastKnownFileType = file.storyboard; name = Base; path = Base.lproj/Main.storyboard; sourceTree = "<group>"; };
		11F3DFD4269D8AB5003406BE /* Assets.xcassets */ = {isa = PBXFileReference; lastKnownFileType = folder.assetcatalog; path = Assets.xcassets; sourceTree = "<group>"; };
		11F3DFD7269D8AB5003406BE /* Base */ = {isa = PBXFileReference; lastKnownFileType = file.storyboard; name = Base; path = Base.lproj/LaunchScreen.storyboard; sourceTree = "<group>"; };
		11F3DFD9269D8AB5003406BE /* Info.plist */ = {isa = PBXFileReference; lastKnownFileType = text.plist.xml; path = Info.plist; sourceTree = "<group>"; };
		11F3DFDF269D8E8A003406BE /* TabBarController.swift */ = {isa = PBXFileReference; lastKnownFileType = sourcecode.swift; path = TabBarController.swift; sourceTree = "<group>"; };
		11F3DFE1269D8ED4003406BE /* BaseNavigationController.swift */ = {isa = PBXFileReference; lastKnownFileType = sourcecode.swift; path = BaseNavigationController.swift; sourceTree = "<group>"; };
		11F3DFE3269D9668003406BE /* SecondViewController.swift */ = {isa = PBXFileReference; lastKnownFileType = sourcecode.swift; path = SecondViewController.swift; sourceTree = "<group>"; };
/* End PBXFileReference section */

/* Begin PBXFrameworksBuildPhase section */
		11F3DFC5269D8AB4003406BE /* Frameworks */ = {
			isa = PBXFrameworksBuildPhase;
			buildActionMask = 2147483647;
			files = (
			);
			runOnlyForDeploymentPostprocessing = 0;
		};
/* End PBXFrameworksBuildPhase section */

/* Begin PBXGroup section */
		11F3DFBF269D8AB4003406BE = {
			isa = PBXGroup;
			children = (
				11F3DFCA269D8AB4003406BE /* LandscapeSwift */,
				11F3DFC9269D8AB4003406BE /* Products */,
			);
			sourceTree = "<group>";
		};
		11F3DFC9269D8AB4003406BE /* Products */ = {
			isa = PBXGroup;
			children = (
				11F3DFC8269D8AB4003406BE /* LandscapeSwift.app */,
			);
			name = Products;
			sourceTree = "<group>";
		};
		11F3DFCA269D8AB4003406BE /* LandscapeSwift */ = {
			isa = PBXGroup;
			children = (
				11F3DFCB269D8AB4003406BE /* AppDelegate.swift */,
				11F3DFCD269D8AB4003406BE /* SceneDelegate.swift */,
				11F3DFCF269D8AB4003406BE /* ViewController.swift */,
				11F3DFE3269D9668003406BE /* SecondViewController.swift */,
				11F3DFDF269D8E8A003406BE /* TabBarController.swift */,
				11F3DFE1269D8ED4003406BE /* BaseNavigationController.swift */,
				11F3DFD1269D8AB4003406BE /* Main.storyboard */,
				11F3DFD4269D8AB5003406BE /* Assets.xcassets */,
				11F3DFD6269D8AB5003406BE /* LaunchScreen.storyboard */,
				11F3DFD9269D8AB5003406BE /* Info.plist */,
			);
			path = LandscapeSwift;
			sourceTree = "<group>";
		};
/* End PBXGroup section */

/* Begin PBXNativeTarget section */
		11F3DFC7269D8AB4003406BE /* LandscapeSwift */ = {
			isa = PBXNativeTarget;
			buildConfigurationList = 11F3DFDC269D8AB5003406BE /* Build configuration list for PBXNativeTarget "LandscapeSwift" */;
			buildPhases = (
				11F3DFC4269D8AB4003406BE /* Sources */,
				11F3DFC5269D8AB4003406BE /* Frameworks */,
				11F3DFC6269D8AB4003406BE /* Resources */,
			);
			buildRules = (
			);
			dependencies = (
			);
			name = LandscapeSwift;
			productName = LandscapeSwift;
			productReference = 11F3DFC8269D8AB4003406BE /* LandscapeSwift.app */;
			productType = "com.apple.product-type.application";
		};
/* End PBXNativeTarget section */

/* Begin PBXProject section */
		11F3DFC0269D8AB4003406BE /* Project object */ = {
			isa = PBXProject;
			attributes = {
				LastSwiftUpdateCheck = 1250;
				LastUpgradeCheck = 1250;
				TargetAttributes = {
					11F3DFC7269D8AB4003406BE = {
						CreatedOnToolsVersion = 12.5.1;
					};
				};
			};
			buildConfigurationList = 11F3DFC3269D8AB4003406BE /* Build configuration list for PBXProject "LandscapeSwift" */;
			compatibilityVersion = "Xcode 9.3";
			developmentRegion = en;
			hasScannedForEncodings = 0;
			knownRegions = (
				en,
				Base,
			);
			mainGroup = 11F3DFBF269D8AB4003406BE;
			productRefGroup = 11F3DFC9269D8AB4003406BE /* Products */;
			projectDirPath = "";
			projectRoot = "";
			targets = (
				11F3DFC7269D8AB4003406BE /* LandscapeSwift */,
			);
		};
/* End PBXProject section */

/* Begin PBXResourcesBuildPhase section */
		11F3DFC6269D8AB4003406BE /* Resources */ = {
			isa = PBXResourcesBuildPhase;
			buildActionMask = 2147483647;
			files = (
				11F3DFD8269D8AB5003406BE /* LaunchScreen.storyboard in Resources */,
				11F3DFD5269D8AB5003406BE /* Assets.xcassets in Resources */,
				11F3DFD3269D8AB4003406BE /* Main.storyboard in Resources */,
			);
			runOnlyForDeploymentPostprocessing = 0;
		};
/* End PBXResourcesBuildPhase section */

/* Begin PBXSourcesBuildPhase section */
		11F3DFC4269D8AB4003406BE /* Sources */ = {
			isa = PBXSourcesBuildPhase;
			buildActionMask = 2147483647;
			files = (
				11F3DFE4269D9668003406BE /* SecondViewController.swift in Sources */,
				11F3DFD0269D8AB4003406BE /* ViewController.swift in Sources */,
				11F3DFE0269D8E8A003406BE /* TabBarController.swift in Sources */,
				11F3DFCC269D8AB4003406BE /* AppDelegate.swift in Sources */,
				11F3DFE2269D8ED4003406BE /* BaseNavigationController.swift in Sources */,
				11F3DFCE269D8AB4003406BE /* SceneDelegate.swift in Sources */,
			);
			runOnlyForDeploymentPostprocessing = 0;
		};
/* End PBXSourcesBuildPhase section */

/* Begin PBXVariantGroup section */
		11F3DFD1269D8AB4003406BE /* Main.storyboard */ = {
			isa = PBXVariantGroup;
			children = (
				11F3DFD2269D8AB4003406BE /* Base */,
			);
			name = Main.storyboard;
			sourceTree = "<group>";
		};
		11F3DFD6269D8AB5003406BE /* LaunchScreen.storyboard */ = {
			isa = PBXVariantGroup;
			children = (
				11F3DFD7269D8AB5003406BE /* Base */,
			);
			name = LaunchScreen.storyboard;
			sourceTree = "<group>";
		};
/* End PBXVariantGroup section */

/* Begin XCBuildConfiguration section */
		11F3DFDA269D8AB5003406BE /* Debug */ = {
			isa = XCBuildConfiguration;
			buildSettings = {
				ALWAYS_SEARCH_USER_PATHS = NO;
				CLANG_ANALYZER_NONNULL = YES;
				CLANG_ANALYZER_NUMBER_OBJECT_CONVERSION = YES_AGGRESSIVE;
				CLANG_CXX_LANGUAGE_STANDARD = "gnu++14";
				CLANG_CXX_LIBRARY = "libc++";
				CLANG_ENABLE_MODULES = YES;
				CLANG_ENABLE_OBJC_ARC = YES;
				CLANG_ENABLE_OBJC_WEAK = YES;
				CLANG_WARN_BLOCK_CAPTURE_AUTORELEASING = YES;
				CLANG_WARN_BOOL_CONVERSION = YES;
				CLANG_WARN_COMMA = YES;
				CLANG_WARN_CONSTANT_CONVERSION = YES;
				CLANG_WARN_DEPRECATED_OBJC_IMPLEMENTATIONS = YES;
				CLANG_WARN_DIRECT_OBJC_ISA_USAGE = YES_ERROR;
				CLANG_WARN_DOCUMENTATION_COMMENTS = YES;
				CLANG_WARN_EMPTY_BODY = YES;
				CLANG_WARN_ENUM_CONVERSION = YES;
				CLANG_WARN_INFINITE_RECURSION = YES;
				CLANG_WARN_INT_CONVERSION = YES;
				CLANG_WARN_NON_LITERAL_NULL_CONVERSION = YES;
				CLANG_WARN_OBJC_IMPLICIT_RETAIN_SELF = YES;
				CLANG_WARN_OBJC_LITERAL_CONVERSION = YES;
				CLANG_WARN_OBJC_ROOT_CLASS = YES_ERROR;
				CLANG_WARN_QUOTED_INCLUDE_IN_FRAMEWORK_HEADER = YES;
				CLANG_WARN_RANGE_LOOP_ANALYSIS = YES;
				CLANG_WARN_STRICT_PROTOTYPES = YES;
				CLANG_WARN_SUSPICIOUS_MOVE = YES;
				CLANG_WARN_UNGUARDED_AVAILABILITY = YES_AGGRESSIVE;
				CLANG_WARN_UNREACHABLE_CODE = YES;
				CLANG_WARN__DUPLICATE_METHOD_MATCH = YES;
				COPY_PHASE_STRIP = NO;
				DEBUG_INFORMATION_FORMAT = dwarf;
				ENABLE_STRICT_OBJC_MSGSEND = YES;
				ENABLE_TESTABILITY = YES;
				GCC_C_LANGUAGE_STANDARD = gnu11;
				GCC_DYNAMIC_NO_PIC = NO;
				GCC_NO_COMMON_BLOCKS = YES;
				GCC_OPTIMIZATION_LEVEL = 0;
				GCC_PREPROCESSOR_DEFINITIONS = (
					"DEBUG=1",
					"$(inherited)",
				);
				GCC_WARN_64_TO_32_BIT_CONVERSION = YES;
				GCC_WARN_ABOUT_RETURN_TYPE = YES_ERROR;
				GCC_WARN_UNDECLARED_SELECTOR = YES;
				GCC_WARN_UNINITIALIZED_AUTOS = YES_AGGRESSIVE;
				GCC_WARN_UNUSED_FUNCTION = YES;
				GCC_WARN_UNUSED_VARIABLE = YES;
				IPHONEOS_DEPLOYMENT_TARGET = 14.5;
				MTL_ENABLE_DEBUG_INFO = INCLUDE_SOURCE;
				MTL_FAST_MATH = YES;
				ONLY_ACTIVE_ARCH = YES;
				SDKROOT = iphoneos;
				SWIFT_ACTIVE_COMPILATION_CONDITIONS = DEBUG;
				SWIFT_OPTIMIZATION_LEVEL = "-Onone";
			};
			name = Debug;
		};
		11F3DFDB269D8AB5003406BE /* Release */ = {
			isa = XCBuildConfiguration;
			buildSettings = {
				ALWAYS_SEARCH_USER_PATHS = NO;
				CLANG_ANALYZER_NONNULL = YES;
				CLANG_ANALYZER_NUMBER_OBJECT_CONVERSION = YES_AGGRESSIVE;
				CLANG_CXX_LANGUAGE_STANDARD = "gnu++14";
				CLANG_CXX_LIBRARY = "libc++";
				CLANG_ENABLE_MODULES = YES;
				CLANG_ENABLE_OBJC_ARC = YES;
				CLANG_ENABLE_OBJC_WEAK = YES;
				CLANG_WARN_BLOCK_CAPTURE_AUTORELEASING = YES;
				CLANG_WARN_BOOL_CONVERSION = YES;
				CLANG_WARN_COMMA = YES;
				CLANG_WARN_CONSTANT_CONVERSION = YES;
				CLANG_WARN_DEPRECATED_OBJC_IMPLEMENTATIONS = YES;
				CLANG_WARN_DIRECT_OBJC_ISA_USAGE = YES_ERROR;
				CLANG_WARN_DOCUMENTATION_COMMENTS = YES;
				CLANG_WARN_EMPTY_BODY = YES;
				CLANG_WARN_ENUM_CONVERSION = YES;
				CLANG_WARN_INFINITE_RECURSION = YES;
				CLANG_WARN_INT_CONVERSION = YES;
				CLANG_WARN_NON_LITERAL_NULL_CONVERSION = YES;
				CLANG_WARN_OBJC_IMPLICIT_RETAIN_SELF = YES;
				CLANG_WARN_OBJC_LITERAL_CONVERSION = YES;
				CLANG_WARN_OBJC_ROOT_CLASS = YES_ERROR;
				CLANG_WARN_QUOTED_INCLUDE_IN_FRAMEWORK_HEADER = YES;
				CLANG_WARN_RANGE_LOOP_ANALYSIS = YES;
				CLANG_WARN_STRICT_PROTOTYPES = YES;
				CLANG_WARN_SUSPICIOUS_MOVE = YES;
				CLANG_WARN_UNGUARDED_AVAILABILITY = YES_AGGRESSIVE;
				CLANG_WARN_UNREACHABLE_CODE = YES;
				CLANG_WARN__DUPLICATE_METHOD_MATCH = YES;
				COPY_PHASE_STRIP = NO;
				DEBUG_INFORMATION_FORMAT = "dwarf-with-dsym";
				ENABLE_NS_ASSERTIONS = NO;
				ENABLE_STRICT_OBJC_MSGSEND = YES;
				GCC_C_LANGUAGE_STANDARD = gnu11;
				GCC_NO_COMMON_BLOCKS = YES;
				GCC_WARN_64_TO_32_BIT_CONVERSION = YES;
				GCC_WARN_ABOUT_RETURN_TYPE = YES_ERROR;
				GCC_WARN_UNDECLARED_SELECTOR = YES;
				GCC_WARN_UNINITIALIZED_AUTOS = YES_AGGRESSIVE;
				GCC_WARN_UNUSED_FUNCTION = YES;
				GCC_WARN_UNUSED_VARIABLE = YES;
				IPHONEOS_DEPLOYMENT_TARGET = 14.5;
				MTL_ENABLE_DEBUG_INFO = NO;
				MTL_FAST_MATH = YES;
				SDKROOT = iphoneos;
				SWIFT_COMPILATION_MODE = wholemodule;
				SWIFT_OPTIMIZATION_LEVEL = "-O";
				VALIDATE_PRODUCT = YES;
			};
			name = Release;
		};
		11F3DFDD269D8AB5003406BE /* Debug */ = {
			isa = XCBuildConfiguration;
			buildSettings = {
				ASSETCATALOG_COMPILER_APPICON_NAME = AppIcon;
				ASSETCATALOG_COMPILER_GLOBAL_ACCENT_COLOR_NAME = AccentColor;
				CODE_SIGN_STYLE = Automatic;
				INFOPLIST_FILE = LandscapeSwift/Info.plist;
				IPHONEOS_DEPLOYMENT_TARGET = 13.0;
				LD_RUNPATH_SEARCH_PATHS = (
					"$(inherited)",
					"@executable_path/Frameworks",
				);
				PRODUCT_BUNDLE_IDENTIFIER = com.jay.LandscapeSwift;
				PRODUCT_NAME = "$(TARGET_NAME)";
				SWIFT_VERSION = 5.0;
				TARGETED_DEVICE_FAMILY = 1;
			};
			name = Debug;
		};
		11F3DFDE269D8AB5003406BE /* Release */ = {
			isa = XCBuildConfiguration;
			buildSettings = {
				ASSETCATALOG_COMPILER_APPICON_NAME = AppIcon;
				ASSETCATALOG_COMPILER_GLOBAL_ACCENT_COLOR_NAME = AccentColor;
				CODE_SIGN_STYLE = Automatic;
				INFOPLIST_FILE = LandscapeSwift/Info.plist;
				IPHONEOS_DEPLOYMENT_TARGET = 13.0;
				LD_RUNPATH_SEARCH_PATHS = (
					"$(inherited)",
					"@executable_path/Frameworks",
				);
				PRODUCT_BUNDLE_IDENTIFIER = com.jay.LandscapeSwift;
				PRODUCT_NAME = "$(TARGET_NAME)";
				SWIFT_VERSION = 5.0;
				TARGETED_DEVICE_FAMILY = 1;
			};
			name = Release;
		};
/* End XCBuildConfiguration section */

/* Begin XCConfigurationList section */
		11F3DFC3269D8AB4003406BE /* Build configuration list for PBXProject "LandscapeSwift" */ = {
			isa = XCConfigurationList;
			buildConfigurations = (
				11F3DFDA269D8AB5003406BE /* Debug */,
				11F3DFDB269D8AB5003406BE /* Release */,
			);
			defaultConfigurationIsVisible = 0;
			defaultConfigurationName = Release;
		};
		11F3DFDC269D8AB5003406BE /* Build configuration list for PBXNativeTarget "LandscapeSwift" */ = {
			isa = XCConfigurationList;
			buildConfigurations = (
				11F3DFDD269D8AB5003406BE /* Debug */,
				11F3DFDE269D8AB5003406BE /* Release */,
			);
			defaultConfigurationIsVisible = 0;
			defaultConfigurationName = Release;
		};
/* End XCConfigurationList section */
	};
	rootObject = 11F3DFC0269D8AB4003406BE /* Project object */;
}
